
Microsoft Visual Studio Solution File, Format Version 12.00
# Visual Studio Version 17
VisualStudioVersion = 17.5.33424.131
MinimumVisualStudioVersion = 10.0.40219.1
Project("{FAE04EC0-301F-11D3-BF4B-00C04F79EFBC}") = "WarehouseManegement", "WarehouseManegement\WarehouseManegement.csproj", "{95E00B7C-E15B-4FDE-A612-EE30FE3287CF}"
EndProject
Global
	GlobalSection(SolutionConfigurationPlatforms) = preSolution
		Debug|Any CPU = Debug|Any CPU
		Release|Any CPU = Release|Any CPU
	EndGlobalSection
	GlobalSection(ProjectConfigurationPlatforms) = postSolution
		{95E00B7C-E15B-4FDE-A612-EE30FE3287CF}.Debug|Any CPU.ActiveCfg = Debug|Any CPU
		{95E00B7C-E15B-4FDE-A612-EE30FE3287CF}.Debug|Any CPU.Build.0 = Debug|Any CPU
		{95E00B7C-E15B-4FDE-A612-EE30FE3287CF}.Release|Any CPU.ActiveCfg = Release|Any CPU
		{95E00B7C-E15B-4FDE-A612-EE30FE3287CF}.Release|Any CPU.Build.0 = Release|Any CPU
	EndGlobalSection
	GlobalSection(SolutionProperties) = preSolution
		HideSolutionNode = FALSE
	EndGlobalSection
	GlobalSection(ExtensibilityGlobals) = postSolution
		SolutionGuid = {10961DF8-34D5-426F-A2AC-F9B5D88D545D}
	EndGlobalSection
EndGlobal
